// !$*UTF8*$!
{
	archiveVersion = 1;
	classes = {
	};
	objectVersion = 46;
	objects = {

/* Begin PBXBuildFile section */
		9D01C4821B8600B500B1C1F3 /* AppDelegate.swift in Sources */ = {isa = PBXBuildFile; fileRef = 9D01C4811B8600B500B1C1F3 /* AppDelegate.swift */; };
		9D01C4841B8600B500B1C1F3 /* ViewController.swift in Sources */ = {isa = PBXBuildFile; fileRef = 9D01C4831B8600B500B1C1F3 /* ViewController.swift */; };
		9D01C4871B8600B500B1C1F3 /* Main.storyboard in Resources */ = {isa = PBXBuildFile; fileRef = 9D01C4851B8600B500B1C1F3 /* Main.storyboard */; };
		9D01C4891B8600B500B1C1F3 /* Assets.xcassets in Resources */ = {isa = PBXBuildFile; fileRef = 9D01C4881B8600B500B1C1F3 /* Assets.xcassets */; };
		9D01C48C1B8600B500B1C1F3 /* LaunchScreen.storyboard in Resources */ = {isa = PBXBuildFile; fileRef = 9D01C48A1B8600B500B1C1F3 /* LaunchScreen.storyboard */; };
		9D01C4941B86012000B1C1F3 /* RobotThread.swift in Sources */ = {isa = PBXBuildFile; fileRef = 9D01C4931B86012000B1C1F3 /* RobotThread.swift */; };
		9D01C49B1B885C9000B1C1F3 /* ResCompete.swift in Sources */ = {isa = PBXBuildFile; fileRef = 9D01C49A1B885C9000B1C1F3 /* ResCompete.swift */; };
		9D40F74E1B8EF9A800AD2C74 /* ThreadControl.swift in Sources */ = {isa = PBXBuildFile; fileRef = 9D40F74D1B8EF9A800AD2C74 /* ThreadControl.swift */; };
/* End PBXBuildFile section */

/* Begin PBXFileReference section */
		9D01C47E1B8600B500B1C1F3 /* GCDDemo.app */ = {isa = PBXFileReference; explicitFileType = wrapper.application; includeInIndex = 0; path = GCDDemo.app; sourceTree = BUILT_PRODUCTS_DIR; };
		9D01C4811B8600B500B1C1F3 /* AppDelegate.swift */ = {isa = PBXFileReference; lastKnownFileType = sourcecode.swift; path = AppDelegate.swift; sourceTree = "<group>"; };
		9D01C4831B8600B500B1C1F3 /* ViewController.swift */ = {isa = PBXFileReference; lastKnownFileType = sourcecode.swift; path = ViewController.swift; sourceTree = "<group>"; };
		9D01C4861B8600B500B1C1F3 /* Base */ = {isa = PBXFileReference; lastKnownFileType = file.storyboard; name = Base; path = Base.lproj/Main.storyboard; sourceTree = "<group>"; };
		9D01C4881B8600B500B1C1F3 /* Assets.xcassets */ = {isa = PBXFileReference; lastKnownFileType = folder.assetcatalog; path = Assets.xcassets; sourceTree = "<group>"; };
		9D01C48B1B8600B500B1C1F3 /* Base */ = {isa = PBXFileReference; lastKnownFileType = file.storyboard; name = Base; path = Base.lproj/LaunchScreen.storyboard; sourceTree = "<group>"; };
		9D01C48D1B8600B500B1C1F3 /* Info.plist */ = {isa = PBXFileReference; lastKnownFileType = text.plist.xml; path = Info.plist; sourceTree = "<group>"; };
		9D01C4931B86012000B1C1F3 /* RobotThread.swift */ = {isa = PBXFileReference; fileEncoding = 4; lastKnownFileType = sourcecode.swift; path = RobotThread.swift; sourceTree = "<group>"; };
		9D01C49A1B885C9000B1C1F3 /* ResCompete.swift */ = {isa = PBXFileReference; fileEncoding = 4; lastKnownFileType = sourcecode.swift; path = ResCompete.swift; sourceTree = "<group>"; };
		9D40F74D1B8EF9A800AD2C74 /* ThreadControl.swift */ = {isa = PBXFileReference; fileEncoding = 4; lastKnownFileType = sourcecode.swift; path = ThreadControl.swift; sourceTree = "<group>"; };
/* End PBXFileReference section */

/* Begin PBXFrameworksBuildPhase section */
		9D01C47B1B8600B500B1C1F3 /* Frameworks */ = {
			isa = PBXFrameworksBuildPhase;
			buildActionMask = 2147483647;
			files = (
			);
			runOnlyForDeploymentPostprocessing = 0;
		};
/* End PBXFrameworksBuildPhase section */

/* Begin PBXGroup section */
		9D01C4751B8600B500B1C1F3 = {
			isa = PBXGroup;
			children = (
				9D01C4801B8600B500B1C1F3 /* GCDDemo */,
				9D01C47F1B8600B500B1C1F3 /* Products */,
			);
			sourceTree = "<group>";
		};
		9D01C47F1B8600B500B1C1F3 /* Products */ = {
			isa = PBXGroup;
			children = (
				9D01C47E1B8600B500B1C1F3 /* GCDDemo.app */,
			);
			name = Products;
			sourceTree = "<group>";
		};
		9D01C4801B8600B500B1C1F3 /* GCDDemo */ = {
			isa = PBXGroup;
			children = (
				9D40F74D1B8EF9A800AD2C74 /* ThreadControl.swift */,
				9D01C49A1B885C9000B1C1F3 /* ResCompete.swift */,
				9D01C4931B86012000B1C1F3 /* RobotThread.swift */,
				9D01C4811B8600B500B1C1F3 /* AppDelegate.swift */,
				9D01C4831B8600B500B1C1F3 /* ViewController.swift */,
				9D01C4851B8600B500B1C1F3 /* Main.storyboard */,
				9D01C4881B8600B500B1C1F3 /* Assets.xcassets */,
				9D01C48A1B8600B500B1C1F3 /* LaunchScreen.storyboard */,
				9D01C48D1B8600B500B1C1F3 /* Info.plist */,
			);
			path = GCDDemo;
			sourceTree = "<group>";
		};
/* End PBXGroup section */

/* Begin PBXNativeTarget section */
		9D01C47D1B8600B500B1C1F3 /* GCDDemo */ = {
			isa = PBXNativeTarget;
			buildConfigurationList = 9D01C4901B8600B500B1C1F3 /* Build configuration list for PBXNativeTarget "GCDDemo" */;
			buildPhases = (
				9D01C47A1B8600B500B1C1F3 /* Sources */,
				9D01C47B1B8600B500B1C1F3 /* Frameworks */,
				9D01C47C1B8600B500B1C1F3 /* Resources */,
			);
			buildRules = (
			);
			dependencies = (
			);
			name = GCDDemo;
			productName = GCDDemo;
			productReference = 9D01C47E1B8600B500B1C1F3 /* GCDDemo.app */;
			productType = "com.apple.product-type.application";
		};
/* End PBXNativeTarget section */

/* Begin PBXProject section */
		9D01C4761B8600B500B1C1F3 /* Project object */ = {
			isa = PBXProject;
			attributes = {
				LastUpgradeCheck = 0700;
				ORGANIZATIONNAME = fengsh;
				TargetAttributes = {
					9D01C47D1B8600B500B1C1F3 = {
						CreatedOnToolsVersion = 7.0;
					};
				};
			};
			buildConfigurationList = 9D01C4791B8600B500B1C1F3 /* Build configuration list for PBXProject "GCDDemo" */;
			compatibilityVersion = "Xcode 3.2";
			developmentRegion = English;
			hasScannedForEncodings = 0;
			knownRegions = (
				en,
				Base,
			);
			mainGroup = 9D01C4751B8600B500B1C1F3;
			productRefGroup = 9D01C47F1B8600B500B1C1F3 /* Products */;
			projectDirPath = "";
			projectRoot = "";
			targets = (
				9D01C47D1B8600B500B1C1F3 /* GCDDemo */,
			);
		};
/* End PBXProject section */

/* Begin PBXResourcesBuildPhase section */
		9D01C47C1B8600B500B1C1F3 /* Resources */ = {
			isa = PBXResourcesBuildPhase;
			buildActionMask = 2147483647;
			files = (
				9D01C48C1B8600B500B1C1F3 /* LaunchScreen.storyboard in Resources */,
				9D01C4891B8600B500B1C1F3 /* Assets.xcassets in Resources */,
				9D01C4871B8600B500B1C1F3 /* Main.storyboard in Resources */,
			);
			runOnlyForDeploymentPostprocessing = 0;
		};
/* End PBXResourcesBuildPhase section */

/* Begin PBXSourcesBuildPhase section */
		9D01C47A1B8600B500B1C1F3 /* Sources */ = {
			isa = PBXSourcesBuildPhase;
			buildActionMask = 2147483647;
			files = (
				9D01C4941B86012000B1C1F3 /* RobotThread.swift in Sources */,
				9D01C4841B8600B500B1C1F3 /* ViewController.swift in Sources */,
				9D01C49B1B885C9000B1C1F3 /* ResCompete.swift in Sources */,
				9D40F74E1B8EF9A800AD2C74 /* ThreadControl.swift in Sources */,
				9D01C4821B8600B500B1C1F3 /* AppDelegate.swift in Sources */,
			);
			runOnlyForDeploymentPostprocessing = 0;
		};
/* End PBXSourcesBuildPhase section */

/* Begin PBXVariantGroup section */
		9D01C4851B8600B500B1C1F3 /* Main.storyboard */ = {
			isa = PBXVariantGroup;
			children = (
				9D01C4861B8600B500B1C1F3 /* Base */,
			);
			name = Main.storyboard;
			sourceTree = "<group>";
		};
		9D01C48A1B8600B500B1C1F3 /* LaunchScreen.storyboard */ = {
			isa = PBXVariantGroup;
			children = (
				9D01C48B1B8600B500B1C1F3 /* Base */,
			);
			name = LaunchScreen.storyboard;
			sourceTree = "<group>";
		};
/* End PBXVariantGroup section */

/* Begin XCBuildConfiguration section */
		9D01C48E1B8600B500B1C1F3 /* Debug */ = {
			isa = XCBuildConfiguration;
			buildSettings = {
				ALWAYS_SEARCH_USER_PATHS = NO;
				CLANG_CXX_LANGUAGE_STANDARD = "gnu++0x";
				CLANG_CXX_LIBRARY = "libc++";
				CLANG_ENABLE_MODULES = YES;
				CLANG_ENABLE_OBJC_ARC = YES;
				CLANG_WARN_BOOL_CONVERSION = YES;
				CLANG_WARN_CONSTANT_CONVERSION = YES;
				CLANG_WARN_DIRECT_OBJC_ISA_USAGE = YES_ERROR;
				CLANG_WARN_EMPTY_BODY = YES;
				CLANG_WARN_ENUM_CONVERSION = YES;
				CLANG_WARN_INT_CONVERSION = YES;
				CLANG_WARN_OBJC_ROOT_CLASS = YES_ERROR;
				CLANG_WARN_UNREACHABLE_CODE = YES;
				CLANG_WARN__DUPLICATE_METHOD_MATCH = YES;
				"CODE_SIGN_IDENTITY[sdk=iphoneos*]" = "iPhone Developer";
				COPY_PHASE_STRIP = NO;
				DEBUG_INFORMATION_FORMAT = dwarf;
				ENABLE_STRICT_OBJC_MSGSEND = YES;
				ENABLE_TESTABILITY = YES;
				GCC_C_LANGUAGE_STANDARD = gnu99;
				GCC_DYNAMIC_NO_PIC = NO;
				GCC_NO_COMMON_BLOCKS = YES;
				GCC_OPTIMIZATION_LEVEL = 0;
				GCC_PREPROCESSOR_DEFINITIONS = (
					"DEBUG=1",
					"$(inherited)",
				);
				GCC_WARN_64_TO_32_BIT_CONVERSION = YES;
				GCC_WARN_ABOUT_RETURN_TYPE = YES_ERROR;
				GCC_WARN_UNDECLARED_SELECTOR = YES;
				GCC_WARN_UNINITIALIZED_AUTOS = YES_AGGRESSIVE;
				GCC_WARN_UNUSED_FUNCTION = YES;
				GCC_WARN_UNUSED_VARIABLE = YES;
				IPHONEOS_DEPLOYMENT_TARGET = 9.0;
				MTL_ENABLE_DEBUG_INFO = YES;
				ONLY_ACTIVE_ARCH = YES;
				SDKROOT = iphoneos;
				SWIFT_OPTIMIZATION_LEVEL = "-Onone";
			};
			name = Debug;
		};
		9D01C48F1B8600B500B1C1F3 /* Release */ = {
			isa = XCBuildConfiguration;
			buildSettings = {
				ALWAYS_SEARCH_USER_PATHS = NO;
				CLANG_CXX_LANGUAGE_STANDARD = "gnu++0x";
				CLANG_CXX_LIBRARY = "libc++";
				CLANG_ENABLE_MODULES = YES;
				CLANG_ENABLE_OBJC_ARC = YES;
				CLANG_WARN_BOOL_CONVERSION = YES;
				CLANG_WARN_CONSTANT_CONVERSION = YES;
				CLANG_WARN_DIRECT_OBJC_ISA_USAGE = YES_ERROR;
				CLANG_WARN_EMPTY_BODY = YES;
				CLANG_WARN_ENUM_CONVERSION = YES;
				CLANG_WARN_INT_CONVERSION = YES;
				CLANG_WARN_OBJC_ROOT_CLASS = YES_ERROR;
				CLANG_WARN_UNREACHABLE_CODE = YES;
				CLANG_WARN__DUPLICATE_METHOD_MATCH = YES;
				"CODE_SIGN_IDENTITY[sdk=iphoneos*]" = "iPhone Developer";
				COPY_PHASE_STRIP = NO;
				DEBUG_INFORMATION_FORMAT = "dwarf-with-dsym";
				ENABLE_NS_ASSERTIONS = NO;
				ENABLE_STRICT_OBJC_MSGSEND = YES;
				GCC_C_LANGUAGE_STANDARD = gnu99;
				GCC_NO_COMMON_BLOCKS = YES;
				GCC_WARN_64_TO_32_BIT_CONVERSION = YES;
				GCC_WARN_ABOUT_RETURN_TYPE = YES_ERROR;
				GCC_WARN_UNDECLARED_SELECTOR = YES;
				GCC_WARN_UNINITIALIZED_AUTOS = YES_AGGRESSIVE;
				GCC_WARN_UNUSED_FUNCTION = YES;
				GCC_WARN_UNUSED_VARIABLE = YES;
				IPHONEOS_DEPLOYMENT_TARGET = 9.0;
				MTL_ENABLE_DEBUG_INFO = NO;
				SDKROOT = iphoneos;
				VALIDATE_PRODUCT = YES;
			};
			name = Release;
		};
		9D01C4911B8600B500B1C1F3 /* Debug */ = {
			isa = XCBuildConfiguration;
			buildSettings = {
				ASSETCATALOG_COMPILER_APPICON_NAME = AppIcon;
				INFOPLIST_FILE = GCDDemo/Info.plist;
				LD_RUNPATH_SEARCH_PATHS = "$(inherited) @executable_path/Frameworks";
				PRODUCT_BUNDLE_IDENTIFIER = com.fengsh.edge.GCDDemo;
				PRODUCT_NAME = "$(TARGET_NAME)";
			};
			name = Debug;
		};
		9D01C4921B8600B500B1C1F3 /* Release */ = {
			isa = XCBuildConfiguration;
			buildSettings = {
				ASSETCATALOG_COMPILER_APPICON_NAME = AppIcon;
				INFOPLIST_FILE = GCDDemo/Info.plist;
				LD_RUNPATH_SEARCH_PATHS = "$(inherited) @executable_path/Frameworks";
				PRODUCT_BUNDLE_IDENTIFIER = com.fengsh.edge.GCDDemo;
				PRODUCT_NAME = "$(TARGET_NAME)";
			};
			name = Release;
		};
/* End XCBuildConfiguration section */

/* Begin XCConfigurationList section */
		9D01C4791B8600B500B1C1F3 /* Build configuration list for PBXProject "GCDDemo" */ = {
			isa = XCConfigurationList;
			buildConfigurations = (
				9D01C48E1B8600B500B1C1F3 /* Debug */,
				9D01C48F1B8600B500B1C1F3 /* Release */,
			);
			defaultConfigurationIsVisible = 0;
			defaultConfigurationName = Release;
		};
		9D01C4901B8600B500B1C1F3 /* Build configuration list for PBXNativeTarget "GCDDemo" */ = {
			isa = XCConfigurationList;
			buildConfigurations = (
				9D01C4911B8600B500B1C1F3 /* Debug */,
				9D01C4921B8600B500B1C1F3 /* Release */,
			);
			defaultConfigurationIsVisible = 0;
			defaultConfigurationName = Release;
		};
/* End XCConfigurationList section */
	};
	rootObject = 9D01C4761B8600B500B1C1F3 /* Project object */;
}
